// !$*UTF8*$!
{
	archiveVersion = 1;
	classes = {
	};
	objectVersion = 50;
	objects = {

/* Begin PBXBuildFile section */
		A113B561219D837B00BB8F94 /* AppDelegate.m in Sources */ = {isa = PBXBuildFile; fileRef = A113B560219D837B00BB8F94 /* AppDelegate.m */; };
		A113B564219D837B00BB8F94 /* ViewController.m in Sources */ = {isa = PBXBuildFile; fileRef = A113B563219D837B00BB8F94 /* ViewController.m */; };
		A113B567219D837B00BB8F94 /* Main.storyboard in Resources */ = {isa = PBXBuildFile; fileRef = A113B565219D837B00BB8F94 /* Main.storyboard */; };
		A113B569219D838000BB8F94 /* Assets.xcassets in Resources */ = {isa = PBXBuildFile; fileRef = A113B568219D838000BB8F94 /* Assets.xcassets */; };
		A113B56C219D838000BB8F94 /* LaunchScreen.storyboard in Resources */ = {isa = PBXBuildFile; fileRef = A113B56A219D838000BB8F94 /* LaunchScreen.storyboard */; };
		A113B56F219D838000BB8F94 /* main.m in Sources */ = {isa = PBXBuildFile; fileRef = A113B56E219D838000BB8F94 /* main.m */; };
		A113B577219D872000BB8F94 /* Advertiser.m in Sources */ = {isa = PBXBuildFile; fileRef = A113B576219D872000BB8F94 /* Advertiser.m */; };
		A1C421D421A6BF81001FC13E /* Ingredient.m in Sources */ = {isa = PBXBuildFile; fileRef = A1C421D321A6BF81001FC13E /* Ingredient.m */; };
/* End PBXBuildFile section */

/* Begin PBXFileReference section */
		A113B55C219D837B00BB8F94 /* MusliMaker.app */ = {isa = PBXFileReference; explicitFileType = wrapper.application; includeInIndex = 0; path = MusliMaker.app; sourceTree = BUILT_PRODUCTS_DIR; };
		A113B55F219D837B00BB8F94 /* AppDelegate.h */ = {isa = PBXFileReference; lastKnownFileType = sourcecode.c.h; path = AppDelegate.h; sourceTree = "<group>"; };
		A113B560219D837B00BB8F94 /* AppDelegate.m */ = {isa = PBXFileReference; lastKnownFileType = sourcecode.c.objc; path = AppDelegate.m; sourceTree = "<group>"; };
		A113B562219D837B00BB8F94 /* ViewController.h */ = {isa = PBXFileReference; lastKnownFileType = sourcecode.c.h; path = ViewController.h; sourceTree = "<group>"; };
		A113B563219D837B00BB8F94 /* ViewController.m */ = {isa = PBXFileReference; lastKnownFileType = sourcecode.c.objc; path = ViewController.m; sourceTree = "<group>"; };
		A113B566219D837B00BB8F94 /* Base */ = {isa = PBXFileReference; lastKnownFileType = file.storyboard; name = Base; path = Base.lproj/Main.storyboard; sourceTree = "<group>"; };
		A113B568219D838000BB8F94 /* Assets.xcassets */ = {isa = PBXFileReference; lastKnownFileType = folder.assetcatalog; path = Assets.xcassets; sourceTree = "<group>"; };
		A113B56B219D838000BB8F94 /* Base */ = {isa = PBXFileReference; lastKnownFileType = file.storyboard; name = Base; path = Base.lproj/LaunchScreen.storyboard; sourceTree = "<group>"; };
		A113B56D219D838000BB8F94 /* Info.plist */ = {isa = PBXFileReference; lastKnownFileType = text.plist.xml; path = Info.plist; sourceTree = "<group>"; };
		A113B56E219D838000BB8F94 /* main.m */ = {isa = PBXFileReference; lastKnownFileType = sourcecode.c.objc; path = main.m; sourceTree = "<group>"; };
		A113B575219D872000BB8F94 /* Advertiser.h */ = {isa = PBXFileReference; lastKnownFileType = sourcecode.c.h; path = Advertiser.h; sourceTree = "<group>"; };
		A113B576219D872000BB8F94 /* Advertiser.m */ = {isa = PBXFileReference; lastKnownFileType = sourcecode.c.objc; path = Advertiser.m; sourceTree = "<group>"; };
		A1C421D221A6BF81001FC13E /* Ingredient.h */ = {isa = PBXFileReference; lastKnownFileType = sourcecode.c.h; path = Ingredient.h; sourceTree = "<group>"; };
		A1C421D321A6BF81001FC13E /* Ingredient.m */ = {isa = PBXFileReference; lastKnownFileType = sourcecode.c.objc; path = Ingredient.m; sourceTree = "<group>"; };
/* End PBXFileReference section */

/* Begin PBXFrameworksBuildPhase section */
		A113B559219D837B00BB8F94 /* Frameworks */ = {
			isa = PBXFrameworksBuildPhase;
			buildActionMask = 2147483647;
			files = (
			);
			runOnlyForDeploymentPostprocessing = 0;
		};
/* End PBXFrameworksBuildPhase section */

/* Begin PBXGroup section */
		A113B553219D837B00BB8F94 = {
			isa = PBXGroup;
			children = (
				A113B55E219D837B00BB8F94 /* MusliMaker */,
				A113B55D219D837B00BB8F94 /* Products */,
			);
			sourceTree = "<group>";
		};
		A113B55D219D837B00BB8F94 /* Products */ = {
			isa = PBXGroup;
			children = (
				A113B55C219D837B00BB8F94 /* MusliMaker.app */,
			);
			name = Products;
			sourceTree = "<group>";
		};
		A113B55E219D837B00BB8F94 /* MusliMaker */ = {
			isa = PBXGroup;
			children = (
				A113B55F219D837B00BB8F94 /* AppDelegate.h */,
				A113B560219D837B00BB8F94 /* AppDelegate.m */,
				A113B562219D837B00BB8F94 /* ViewController.h */,
				A113B563219D837B00BB8F94 /* ViewController.m */,
				A113B575219D872000BB8F94 /* Advertiser.h */,
				A113B576219D872000BB8F94 /* Advertiser.m */,
				A1C421D221A6BF81001FC13E /* Ingredient.h */,
				A1C421D321A6BF81001FC13E /* Ingredient.m */,
				A113B565219D837B00BB8F94 /* Main.storyboard */,
				A113B568219D838000BB8F94 /* Assets.xcassets */,
				A113B56A219D838000BB8F94 /* LaunchScreen.storyboard */,
				A113B56D219D838000BB8F94 /* Info.plist */,
				A113B56E219D838000BB8F94 /* main.m */,
			);
			path = MusliMaker;
			sourceTree = "<group>";
		};
/* End PBXGroup section */

/* Begin PBXNativeTarget section */
		A113B55B219D837B00BB8F94 /* MusliMaker */ = {
			isa = PBXNativeTarget;
			buildConfigurationList = A113B572219D838000BB8F94 /* Build configuration list for PBXNativeTarget "MusliMaker" */;
			buildPhases = (
				A113B558219D837B00BB8F94 /* Sources */,
				A113B559219D837B00BB8F94 /* Frameworks */,
				A113B55A219D837B00BB8F94 /* Resources */,
			);
			buildRules = (
			);
			dependencies = (
			);
			name = MusliMaker;
			productName = MusliMaker;
			productReference = A113B55C219D837B00BB8F94 /* MusliMaker.app */;
			productType = "com.apple.product-type.application";
		};
/* End PBXNativeTarget section */

/* Begin PBXProject section */
		A113B554219D837B00BB8F94 /* Project object */ = {
			isa = PBXProject;
			attributes = {
				LastUpgradeCheck = 1010;
				ORGANIZATIONNAME = "Jacob Fiskaali Hertz";
				TargetAttributes = {
					A113B55B219D837B00BB8F94 = {
						CreatedOnToolsVersion = 10.1;
					};
				};
			};
			buildConfigurationList = A113B557219D837B00BB8F94 /* Build configuration list for PBXProject "MusliMaker" */;
			compatibilityVersion = "Xcode 9.3";
			developmentRegion = en;
			hasScannedForEncodings = 0;
			knownRegions = (
				en,
				Base,
			);
			mainGroup = A113B553219D837B00BB8F94;
			productRefGroup = A113B55D219D837B00BB8F94 /* Products */;
			projectDirPath = "";
			projectRoot = "";
			targets = (
				A113B55B219D837B00BB8F94 /* MusliMaker */,
			);
		};
/* End PBXProject section */

/* Begin PBXResourcesBuildPhase section */
		A113B55A219D837B00BB8F94 /* Resources */ = {
			isa = PBXResourcesBuildPhase;
			buildActionMask = 2147483647;
			files = (
				A113B56C219D838000BB8F94 /* LaunchScreen.storyboard in Resources */,
				A113B569219D838000BB8F94 /* Assets.xcassets in Resources */,
				A113B567219D837B00BB8F94 /* Main.storyboard in Resources */,
			);
			runOnlyForDeploymentPostprocessing = 0;
		};
/* End PBXResourcesBuildPhase section */

/* Begin PBXSourcesBuildPhase section */
		A113B558219D837B00BB8F94 /* Sources */ = {
			isa = PBXSourcesBuildPhase;
			buildActionMask = 2147483647;
			files = (
				A113B577219D872000BB8F94 /* Advertiser.m in Sources */,
				A113B564219D837B00BB8F94 /* ViewController.m in Sources */,
				A113B56F219D838000BB8F94 /* main.m in Sources */,
				A1C421D421A6BF81001FC13E /* Ingredient.m in Sources */,
				A113B561219D837B00BB8F94 /* AppDelegate.m in Sources */,
			);
			runOnlyForDeploymentPostprocessing = 0;
		};
/* End PBXSourcesBuildPhase section */

/* Begin PBXVariantGroup section */
		A113B565219D837B00BB8F94 /* Main.storyboard */ = {
			isa = PBXVariantGroup;
			children = (
				A113B566219D837B00BB8F94 /* Base */,
			);
			name = Main.storyboard;
			sourceTree = "<group>";
		};
		A113B56A219D838000BB8F94 /* LaunchScreen.storyboard */ = {
			isa = PBXVariantGroup;
			children = (
				A113B56B219D838000BB8F94 /* Base */,
			);
			name = LaunchScreen.storyboard;
			sourceTree = "<group>";
		};
/* End PBXVariantGroup section */

/* Begin XCBuildConfiguration section */
		A113B570219D838000BB8F94 /* Debug */ = {
			isa = XCBuildConfiguration;
			buildSettings = {
				ALWAYS_SEARCH_USER_PATHS = NO;
				CLANG_ANALYZER_NONNULL = YES;
				CLANG_ANALYZER_NUMBER_OBJECT_CONVERSION = YES_AGGRESSIVE;
				CLANG_CXX_LANGUAGE_STANDARD = "gnu++14";
				CLANG_CXX_LIBRARY = "libc++";
				CLANG_ENABLE_MODULES = YES;
				CLANG_ENABLE_OBJC_ARC = YES;
				CLANG_ENABLE_OBJC_WEAK = YES;
				CLANG_WARN_BLOCK_CAPTURE_AUTORELEASING = YES;
				CLANG_WARN_BOOL_CONVERSION = YES;
				CLANG_WARN_COMMA = YES;
				CLANG_WARN_CONSTANT_CONVERSION = YES;
				CLANG_WARN_DEPRECATED_OBJC_IMPLEMENTATIONS = YES;
				CLANG_WARN_DIRECT_OBJC_ISA_USAGE = YES_ERROR;
				CLANG_WARN_DOCUMENTATION_COMMENTS = YES;
				CLANG_WARN_EMPTY_BODY = YES;
				CLANG_WARN_ENUM_CONVERSION = YES;
				CLANG_WARN_INFINITE_RECURSION = YES;
				CLANG_WARN_INT_CONVERSION = YES;
				CLANG_WARN_NON_LITERAL_NULL_CONVERSION = YES;
				CLANG_WARN_OBJC_IMPLICIT_RETAIN_SELF = YES;
				CLANG_WARN_OBJC_LITERAL_CONVERSION = YES;
				CLANG_WARN_OBJC_ROOT_CLASS = YES_ERROR;
				CLANG_WARN_RANGE_LOOP_ANALYSIS = YES;
				CLANG_WARN_STRICT_PROTOTYPES = YES;
				CLANG_WARN_SUSPICIOUS_MOVE = YES;
				CLANG_WARN_UNGUARDED_AVAILABILITY = YES_AGGRESSIVE;
				CLANG_WARN_UNREACHABLE_CODE = YES;
				CLANG_WARN__DUPLICATE_METHOD_MATCH = YES;
				CODE_SIGN_IDENTITY = "iPhone Developer";
				COPY_PHASE_STRIP = NO;
				DEBUG_INFORMATION_FORMAT = dwarf;
				ENABLE_STRICT_OBJC_MSGSEND = YES;
				ENABLE_TESTABILITY = YES;
				GCC_C_LANGUAGE_STANDARD = gnu11;
				GCC_DYNAMIC_NO_PIC = NO;
				GCC_NO_COMMON_BLOCKS = YES;
				GCC_OPTIMIZATION_LEVEL = 0;
				GCC_PREPROCESSOR_DEFINITIONS = (
					"DEBUG=1",
					"$(inherited)",
				);
				GCC_WARN_64_TO_32_BIT_CONVERSION = YES;
				GCC_WARN_ABOUT_RETURN_TYPE = YES_ERROR;
				GCC_WARN_UNDECLARED_SELECTOR = YES;
				GCC_WARN_UNINITIALIZED_AUTOS = YES_AGGRESSIVE;
				GCC_WARN_UNUSED_FUNCTION = YES;
				GCC_WARN_UNUSED_VARIABLE = YES;
				IPHONEOS_DEPLOYMENT_TARGET = 12.1;
				MTL_ENABLE_DEBUG_INFO = INCLUDE_SOURCE;
				MTL_FAST_MATH = YES;
				ONLY_ACTIVE_ARCH = YES;
				SDKROOT = iphoneos;
			};
			name = Debug;
		};
		A113B571219D838000BB8F94 /* Release */ = {
			isa = XCBuildConfiguration;
			buildSettings = {
				ALWAYS_SEARCH_USER_PATHS = NO;
				CLANG_ANALYZER_NONNULL = YES;
				CLANG_ANALYZER_NUMBER_OBJECT_CONVERSION = YES_AGGRESSIVE;
				CLANG_CXX_LANGUAGE_STANDARD = "gnu++14";
				CLANG_CXX_LIBRARY = "libc++";
				CLANG_ENABLE_MODULES = YES;
				CLANG_ENABLE_OBJC_ARC = YES;
				CLANG_ENABLE_OBJC_WEAK = YES;
				CLANG_WARN_BLOCK_CAPTURE_AUTORELEASING = YES;
				CLANG_WARN_BOOL_CONVERSION = YES;
				CLANG_WARN_COMMA = YES;
				CLANG_WARN_CONSTANT_CONVERSION = YES;
				CLANG_WARN_DEPRECATED_OBJC_IMPLEMENTATIONS = YES;
				CLANG_WARN_DIRECT_OBJC_ISA_USAGE = YES_ERROR;
				CLANG_WARN_DOCUMENTATION_COMMENTS = YES;
				CLANG_WARN_EMPTY_BODY = YES;
				CLANG_WARN_ENUM_CONVERSION = YES;
				CLANG_WARN_INFINITE_RECURSION = YES;
				CLANG_WARN_INT_CONVERSION = YES;
				CLANG_WARN_NON_LITERAL_NULL_CONVERSION = YES;
				CLANG_WARN_OBJC_IMPLICIT_RETAIN_SELF = YES;
				CLANG_WARN_OBJC_LITERAL_CONVERSION = YES;
				CLANG_WARN_OBJC_ROOT_CLASS = YES_ERROR;
				CLANG_WARN_RANGE_LOOP_ANALYSIS = YES;
				CLANG_WARN_STRICT_PROTOTYPES = YES;
				CLANG_WARN_SUSPICIOUS_MOVE = YES;
				CLANG_WARN_UNGUARDED_AVAILABILITY = YES_AGGRESSIVE;
				CLANG_WARN_UNREACHABLE_CODE = YES;
				CLANG_WARN__DUPLICATE_METHOD_MATCH = YES;
				CODE_SIGN_IDENTITY = "iPhone Developer";
				COPY_PHASE_STRIP = NO;
				DEBUG_INFORMATION_FORMAT = "dwarf-with-dsym";
				ENABLE_NS_ASSERTIONS = NO;
				ENABLE_STRICT_OBJC_MSGSEND = YES;
				GCC_C_LANGUAGE_STANDARD = gnu11;
				GCC_NO_COMMON_BLOCKS = YES;
				GCC_WARN_64_TO_32_BIT_CONVERSION = YES;
				GCC_WARN_ABOUT_RETURN_TYPE = YES_ERROR;
				GCC_WARN_UNDECLARED_SELECTOR = YES;
				GCC_WARN_UNINITIALIZED_AUTOS = YES_AGGRESSIVE;
				GCC_WARN_UNUSED_FUNCTION = YES;
				GCC_WARN_UNUSED_VARIABLE = YES;
				IPHONEOS_DEPLOYMENT_TARGET = 12.1;
				MTL_ENABLE_DEBUG_INFO = NO;
				MTL_FAST_MATH = YES;
				SDKROOT = iphoneos;
				VALIDATE_PRODUCT = YES;
			};
			name = Release;
		};
		A113B573219D838000BB8F94 /* Debug */ = {
			isa = XCBuildConfiguration;
			buildSettings = {
				ASSETCATALOG_COMPILER_APPICON_NAME = AppIcon;
				CODE_SIGN_STYLE = Automatic;
				DEVELOPMENT_TEAM = 8XE8H36G4D;
				INFOPLIST_FILE = MusliMaker/Info.plist;
				IPHONEOS_DEPLOYMENT_TARGET = 12.0;
				LD_RUNPATH_SEARCH_PATHS = (
					"$(inherited)",
					"@executable_path/Frameworks",
				);
				PRODUCT_BUNDLE_IDENTIFIER = com.fiskaali.MusliMaker;
				PRODUCT_NAME = "$(TARGET_NAME)";
				TARGETED_DEVICE_FAMILY = "1,2";
			};
			name = Debug;
		};
		A113B574219D838000BB8F94 /* Release */ = {
			isa = XCBuildConfiguration;
			buildSettings = {
				ASSETCATALOG_COMPILER_APPICON_NAME = AppIcon;
				CODE_SIGN_STYLE = Automatic;
				DEVELOPMENT_TEAM = 8XE8H36G4D;
				INFOPLIST_FILE = MusliMaker/Info.plist;
				IPHONEOS_DEPLOYMENT_TARGET = 12.0;
				LD_RUNPATH_SEARCH_PATHS = (
					"$(inherited)",
					"@executable_path/Frameworks",
				);
				PRODUCT_BUNDLE_IDENTIFIER = com.fiskaali.MusliMaker;
				PRODUCT_NAME = "$(TARGET_NAME)";
				TARGETED_DEVICE_FAMILY = "1,2";
			};
			name = Release;
		};
/* End XCBuildConfiguration section */

/* Begin XCConfigurationList section */
		A113B557219D837B00BB8F94 /* Build configuration list for PBXProject "MusliMaker" */ = {
			isa = XCConfigurationList;
			buildConfigurations = (
				A113B570219D838000BB8F94 /* Debug */,
				A113B571219D838000BB8F94 /* Release */,
			);
			defaultConfigurationIsVisible = 0;
			defaultConfigurationName = Release;
		};
		A113B572219D838000BB8F94 /* Build configuration list for PBXNativeTarget "MusliMaker" */ = {
			isa = XCConfigurationList;
			buildConfigurations = (
				A113B573219D838000BB8F94 /* Debug */,
				A113B574219D838000BB8F94 /* Release */,
			);
			defaultConfigurationIsVisible = 0;
			defaultConfigurationName = Release;
		};
/* End XCConfigurationList section */
	};
	rootObject = A113B554219D837B00BB8F94 /* Project object */;
}
